<?xml version="1.0" encoding="utf-8"?>
<Project ToolsVersion="17.0" xmlns="http://schemas.microsoft.com/developer/msbuild/2003">
  <ItemGroup>
    <CustomBuild Include="C:\Users\henri\Desktop\BubbleDelay\BubbleDelay\CMakeFiles\b32c991250eecba126c5368de360c401\INSTALL_force.rule">
      <Filter>CMake Rules</Filter>
    </CustomBuild>
  </ItemGroup>
  <ItemGroup>
    <Filter Include="CMake Rules">
      <UniqueIdentifier>{76232CF8-D2A6-39ED-8455-4421928B3D7B}</UniqueIdentifier>
    </Filter>
  </ItemGroup>
</Project>
